<?xml version="1.0" encoding="utf-8"?>
<Project ToolsVersion="4.0" xmlns="http://schemas.microsoft.com/developer/msbuild/2003">
  <ItemGroup>
    <Filter Include="Source Files">
      <UniqueIdentifier>{4FC737F1-C7A5-4376-A066-2A32D752A2FF}</UniqueIdentifier>
      <Extensions>cpp;c;cc;cxx;def;odl;idl;hpj;bat;asm;asmx</Extensions>
    </Filter>
    <Filter Include="Source Files\vst2.x">
      <UniqueIdentifier>{687bc060-5976-4a07-87f7-64eeae2ac9a7}</UniqueIdentifier>
    </Filter>
    <Filter Include="Interfaces">
      <UniqueIdentifier>{a6e65057-2a23-49c6-bf1e-0184b1ddaec8}</UniqueIdentifier>
    </Filter>
  </ItemGroup>
  <ItemGroup>
    <ClCompile Include="..\source\adsr.cpp">
      <Filter>Source Files</Filter>
    </ClCompile>
    <ClCompile Include="..\source\osc1.cpp">
      <Filter>Source Files</Filter>
    </ClCompile>
    <ClCompile Include="..\source\osc2.cpp">
      <Filter>Source Files</Filter>
    </ClCompile>
    <ClCompile Include="..\source\poly.cpp">
      <Filter>Source Files</Filter>
    </ClCompile>
    <ClCompile Include="..\source\sinthex.cpp">
      <Filter>Source Files</Filter>
    </ClCompile>
    <ClCompile Include="..\source\sinthexproc.cpp">
      <Filter>Source Files</Filter>
    </ClCompile>
    <ClCompile Include="..\source\svf.cpp">
      <Filter>Source Files</Filter>
    </ClCompile>
    <ClCompile Include="..\vst2.x\audioeffect.cpp">
      <Filter>Source Files\vst2.x</Filter>
    </ClCompile>
    <ClCompile Include="..\vst2.x\audioeffectx.cpp">
      <Filter>Source Files\vst2.x</Filter>
    </ClCompile>
    <ClCompile Include="..\vst2.x\vstplugmain.cpp">
      <Filter>Source Files\vst2.x</Filter>
    </ClCompile>
  </ItemGroup>
  <ItemGroup>
    <ClInclude Include="..\source\adsr.h">
      <Filter>Source Files</Filter>
    </ClInclude>
    <ClInclude Include="..\source\gmnames.h">
      <Filter>Source Files</Filter>
    </ClInclude>
    <ClInclude Include="..\source\osc1.h">
      <Filter>Source Files</Filter>
    </ClInclude>
    <ClInclude Include="..\source\osc2.h">
      <Filter>Source Files</Filter>
    </ClInclude>
    <ClInclude Include="..\source\poly.h">
      <Filter>Source Files</Filter>
    </ClInclude>
    <ClInclude Include="..\source\sinthex.h">
      <Filter>Source Files</Filter>
    </ClInclude>
    <ClInclude Include="..\source\svf.h">
      <Filter>Source Files</Filter>
    </ClInclude>
    <ClInclude Include="..\vst2.x\aeffeditor.h">
      <Filter>Source Files\vst2.x</Filter>
    </ClInclude>
    <ClInclude Include="..\vst2.x\audioeffect.h">
      <Filter>Source Files\vst2.x</Filter>
    </ClInclude>
    <ClInclude Include="..\vst2.x\audioeffectx.h">
      <Filter>Source Files\vst2.x</Filter>
    </ClInclude>
    <ClInclude Include="..\interfaces\aeffect.h">
      <Filter>Interfaces</Filter>
    </ClInclude>
    <ClInclude Include="..\interfaces\aeffectx.h">
      <Filter>Interfaces</Filter>
    </ClInclude>
    <ClInclude Include="..\interfaces\vstfxstore.h">
      <Filter>Interfaces</Filter>
    </ClInclude>
  </ItemGroup>
</Project>